
Microsoft Visual Studio Solution File, Format Version 12.00
# Visual Studio Version 17
VisualStudioVersion = 17.11.35327.3
MinimumVisualStudioVersion = 10.0.40219.1
Project("{FAE04EC0-301F-11D3-BF4B-00C04F79EFBC}") = "HospitaManagement", "HospitaManagement.csproj", "{4F51713F-6D24-49B6-9E97-DD39055C6F77}"
EndProject
Global
	GlobalSection(SolutionConfigurationPlatforms) = preSolution
		Debug|Any CPU = Debug|Any CPU
		Release|Any CPU = Release|Any CPU
	EndGlobalSection
	GlobalSection(ProjectConfigurationPlatforms) = postSolution
		{4F51713F-6D24-49B6-9E97-DD39055C6F77}.Debug|Any CPU.ActiveCfg = Debug|Any CPU
		{4F51713F-6D24-49B6-9E97-DD39055C6F77}.Debug|Any CPU.Build.0 = Debug|Any CPU
		{4F51713F-6D24-49B6-9E97-DD39055C6F77}.Release|Any CPU.ActiveCfg = Release|Any CPU
		{4F51713F-6D24-49B6-9E97-DD39055C6F77}.Release|Any CPU.Build.0 = Release|Any CPU
	EndGlobalSection
	GlobalSection(SolutionProperties) = preSolution
		HideSolutionNode = FALSE
	EndGlobalSection
	GlobalSection(ExtensibilityGlobals) = postSolution
		SolutionGuid = {53BFB956-03FC-4132-BBE2-98F2251C8264}
	EndGlobalSection
EndGlobal
